// !$*UTF8*$!
{
	archiveVersion = 1;
	classes = {
	};
	objectVersion = 52;
	objects = {

/* Begin PBXBuildFile section */
		C00492BC23AE0CB800BD609E /* Mapbox.framework in Frameworks */ = {isa = PBXBuildFile; fileRef = C090929023A4BBBF008C62D1 /* Mapbox.framework */; };
		C00492BD23AE0CB800BD609E /* Mapbox.framework in Embed Frameworks */ = {isa = PBXBuildFile; fileRef = C090929023A4BBBF008C62D1 /* Mapbox.framework */; settings = {ATTRIBUTES = (CodeSignOnCopy, RemoveHeadersOnCopy, ); }; };
		C00492BF23AE0D4C00BD609E /* Mapbox.framework in Frameworks */ = {isa = PBXBuildFile; fileRef = C090929023A4BBBF008C62D1 /* Mapbox.framework */; };
		C00492C023AE0D4C00BD609E /* Mapbox.framework in Embed Frameworks */ = {isa = PBXBuildFile; fileRef = C090929023A4BBBF008C62D1 /* Mapbox.framework */; settings = {ATTRIBUTES = (CodeSignOnCopy, RemoveHeadersOnCopy, ); }; };
		C00492C823AE137D00BD609E /* MapboxMobileEvents.framework in Frameworks */ = {isa = PBXBuildFile; fileRef = C00492C723AE137D00BD609E /* MapboxMobileEvents.framework */; };
		C00492C923AE137D00BD609E /* MapboxMobileEvents.framework in Embed Frameworks */ = {isa = PBXBuildFile; fileRef = C00492C723AE137D00BD609E /* MapboxMobileEvents.framework */; settings = {ATTRIBUTES = (CodeSignOnCopy, RemoveHeadersOnCopy, ); }; };
		C00492CA23AE139400BD609E /* MapboxMobileEvents.framework in Frameworks */ = {isa = PBXBuildFile; fileRef = C00492C723AE137D00BD609E /* MapboxMobileEvents.framework */; };
		C00492CB23AE139400BD609E /* MapboxMobileEvents.framework in Embed Frameworks */ = {isa = PBXBuildFile; fileRef = C00492C723AE137D00BD609E /* MapboxMobileEvents.framework */; settings = {ATTRIBUTES = (CodeSignOnCopy, RemoveHeadersOnCopy, ); }; };
		C022210E24051988004AC0B9 /* SHMapViewDelegate.h in Headers */ = {isa = PBXBuildFile; fileRef = C022210D24051988004AC0B9 /* SHMapViewDelegate.h */; settings = {ATTRIBUTES = (Public, ); }; };
		C02D5AC923A75A0C0046F6FB /* SHMapViewTests.swift in Sources */ = {isa = PBXBuildFile; fileRef = C02D5AC823A75A0C0046F6FB /* SHMapViewTests.swift */; };
		C02D5ACB23A75A0C0046F6FB /* MapirMapKit.framework in Frameworks */ = {isa = PBXBuildFile; fileRef = C090927723A4B94A008C62D1 /* MapirMapKit.framework */; platformFilter = ios; };
		C02D5AD123A75A160046F6FB /* Mapbox.framework in Frameworks */ = {isa = PBXBuildFile; fileRef = C090929023A4BBBF008C62D1 /* Mapbox.framework */; platformFilter = ios; };
		C02D5AD323A75E930046F6FB /* SHStyleTests.swift in Sources */ = {isa = PBXBuildFile; fileRef = C02D5AD223A75E930046F6FB /* SHStyleTests.swift */; };
		C07E948623D44CF900E50236 /* SHSunManager.h in Headers */ = {isa = PBXBuildFile; fileRef = C07E948423D44CF900E50236 /* SHSunManager.h */; };
		C07E948723D44CF900E50236 /* SHSunManager.m in Sources */ = {isa = PBXBuildFile; fileRef = C07E948523D44CF900E50236 /* SHSunManager.m */; };
		C07F395A23F7E3B60017CC68 /* CodeMapViewController.swift in Sources */ = {isa = PBXBuildFile; fileRef = C07F395923F7E3B60017CC68 /* CodeMapViewController.swift */; };
		C07F395C23F7F8730017CC68 /* AnnotationExampleViewController.swift in Sources */ = {isa = PBXBuildFile; fileRef = C07F395B23F7F8730017CC68 /* AnnotationExampleViewController.swift */; };
		C07F395E23F7FFE40017CC68 /* PolylineExampleViewController.swift in Sources */ = {isa = PBXBuildFile; fileRef = C07F395D23F7FFE40017CC68 /* PolylineExampleViewController.swift */; };
		C07F396023F7FFF50017CC68 /* PolygonExampleViewController.swift in Sources */ = {isa = PBXBuildFile; fileRef = C07F395F23F7FFF50017CC68 /* PolygonExampleViewController.swift */; };
		C07F396423F826D10017CC68 /* AutoDarkModeExampleViewController.swift in Sources */ = {isa = PBXBuildFile; fileRef = C07F396323F826D10017CC68 /* AutoDarkModeExampleViewController.swift */; };
		C07F396623F826DC0017CC68 /* AutoDarkModeUpdateWithOSExampleViewController.swift in Sources */ = {isa = PBXBuildFile; fileRef = C07F396523F826DC0017CC68 /* AutoDarkModeUpdateWithOSExampleViewController.swift */; };
		C07F396823F832670017CC68 /* AnnotationViewExampleViewController.swift in Sources */ = {isa = PBXBuildFile; fileRef = C07F396723F832670017CC68 /* AnnotationViewExampleViewController.swift */; };
		C07F396A23F832C80017CC68 /* CustomAnnotationView.swift in Sources */ = {isa = PBXBuildFile; fileRef = C07F396923F832C80017CC68 /* CustomAnnotationView.swift */; };
		C080427F23D33C1300279981 /* SHAutoDarkModeConfiguration.h in Headers */ = {isa = PBXBuildFile; fileRef = C080427D23D33C1300279981 /* SHAutoDarkModeConfiguration.h */; settings = {ATTRIBUTES = (Public, ); }; };
		C080428023D33C1300279981 /* SHAutoDarkModeConfiguration.m in Sources */ = {isa = PBXBuildFile; fileRef = C080427E23D33C1300279981 /* SHAutoDarkModeConfiguration.m */; };
		C08080C423F928ED00913460 /* DraggableAnnotationView.swift in Sources */ = {isa = PBXBuildFile; fileRef = C08080C323F928ED00913460 /* DraggableAnnotationView.swift */; };
		C08080C723F9292700913460 /* DraggableAnnotationViewExampleViewController.swift in Sources */ = {isa = PBXBuildFile; fileRef = C08080C623F9292700913460 /* DraggableAnnotationViewExampleViewController.swift */; };
		C08080C923F93BB100913460 /* CustomCalloutViewExampleViewController.swift in Sources */ = {isa = PBXBuildFile; fileRef = C08080C823F93BB100913460 /* CustomCalloutViewExampleViewController.swift */; };
		C08080CB23F93C3300913460 /* CustomCalloutView.swift in Sources */ = {isa = PBXBuildFile; fileRef = C08080CA23F93C3300913460 /* CustomCalloutView.swift */; };
		C090927C23A4B94A008C62D1 /* MapirMapKit.h in Headers */ = {isa = PBXBuildFile; fileRef = C090927A23A4B94A008C62D1 /* MapirMapKit.h */; settings = {ATTRIBUTES = (Public, ); }; };
		C090929B23A4BC1C008C62D1 /* AppDelegate.swift in Sources */ = {isa = PBXBuildFile; fileRef = C090929A23A4BC1C008C62D1 /* AppDelegate.swift */; };
		C090929D23A4BC1C008C62D1 /* SceneDelegate.swift in Sources */ = {isa = PBXBuildFile; fileRef = C090929C23A4BC1C008C62D1 /* SceneDelegate.swift */; };
		C09092A223A4BC1C008C62D1 /* Main.storyboard in Resources */ = {isa = PBXBuildFile; fileRef = C09092A023A4BC1C008C62D1 /* Main.storyboard */; };
		C09092A423A4BC1D008C62D1 /* Assets.xcassets in Resources */ = {isa = PBXBuildFile; fileRef = C09092A323A4BC1D008C62D1 /* Assets.xcassets */; };
		C09092A723A4BC1D008C62D1 /* LaunchScreen.storyboard in Resources */ = {isa = PBXBuildFile; fileRef = C09092A523A4BC1D008C62D1 /* LaunchScreen.storyboard */; };
		C09092AC23A4BC42008C62D1 /* MapirMapKit.framework in Frameworks */ = {isa = PBXBuildFile; fileRef = C090927723A4B94A008C62D1 /* MapirMapKit.framework */; };
		C09092AD23A4BC42008C62D1 /* MapirMapKit.framework in Embed Frameworks */ = {isa = PBXBuildFile; fileRef = C090927723A4B94A008C62D1 /* MapirMapKit.framework */; settings = {ATTRIBUTES = (CodeSignOnCopy, RemoveHeadersOnCopy, ); }; };
		C09092B223A4BDAF008C62D1 /* MapirAssets.xcassets in Resources */ = {isa = PBXBuildFile; fileRef = C09092B123A4BDAF008C62D1 /* MapirAssets.xcassets */; };
		C09092B523A4BE0D008C62D1 /* SHMapView.m in Sources */ = {isa = PBXBuildFile; fileRef = C09092B323A4BE0D008C62D1 /* SHMapView.m */; };
		C09092B623A4BE0D008C62D1 /* SHMapView.h in Headers */ = {isa = PBXBuildFile; fileRef = C09092B423A4BE0D008C62D1 /* SHMapView.h */; settings = {ATTRIBUTES = (Public, ); }; };
		C09092B823A4BE38008C62D1 /* StoryboardMapViewController.swift in Sources */ = {isa = PBXBuildFile; fileRef = C09092B723A4BE38008C62D1 /* StoryboardMapViewController.swift */; };
		C09092BB23A4BEBB008C62D1 /* SHStyle.h in Headers */ = {isa = PBXBuildFile; fileRef = C09092B923A4BEBB008C62D1 /* SHStyle.h */; settings = {ATTRIBUTES = (Public, ); }; };
		C09092BC23A4BEBB008C62D1 /* SHStyle.m in Sources */ = {isa = PBXBuildFile; fileRef = C09092BA23A4BEBB008C62D1 /* SHStyle.m */; };
		C09092C123A4CC23008C62D1 /* SHURLProtocol.h in Headers */ = {isa = PBXBuildFile; fileRef = C09092BF23A4CC23008C62D1 /* SHURLProtocol.h */; };
		C09092C223A4CC23008C62D1 /* SHURLProtocol.m in Sources */ = {isa = PBXBuildFile; fileRef = C09092C023A4CC23008C62D1 /* SHURLProtocol.m */; };
		C09092C523A4E7F7008C62D1 /* SHAccountManager.h in Headers */ = {isa = PBXBuildFile; fileRef = C09092C323A4E7F7008C62D1 /* SHAccountManager.h */; settings = {ATTRIBUTES = (Public, ); }; };
		C09092C623A4E7F8008C62D1 /* SHAccountManager.m in Sources */ = {isa = PBXBuildFile; fileRef = C09092C423A4E7F7008C62D1 /* SHAccountManager.m */; };
		C09092CD23A51D48008C62D1 /* UIImage+Extension.h in Headers */ = {isa = PBXBuildFile; fileRef = C09092CB23A51D48008C62D1 /* UIImage+Extension.h */; };
		C09092CE23A51D48008C62D1 /* UIImage+Extension.m in Sources */ = {isa = PBXBuildFile; fileRef = C09092CC23A51D48008C62D1 /* UIImage+Extension.m */; };
		C09092D423A553C5008C62D1 /* Shiveh.json in Resources */ = {isa = PBXBuildFile; fileRef = C09092D323A553C5008C62D1 /* Shiveh.json */; };
		C09092FF23A57A0D008C62D1 /* FeaturesTableViewController.swift in Sources */ = {isa = PBXBuildFile; fileRef = C09092FE23A57A0D008C62D1 /* FeaturesTableViewController.swift */; };
		C090930123A5859B008C62D1 /* Feature.swift in Sources */ = {isa = PBXBuildFile; fileRef = C090930023A5859B008C62D1 /* Feature.swift */; };
		C09A5DCE23D704FE0057A977 /* SHAutoDarkModeConfigurationTests.swift in Sources */ = {isa = PBXBuildFile; fileRef = C09A5DCD23D704FE0057A977 /* SHAutoDarkModeConfigurationTests.swift */; };
		C0C02A6623FA9BBF007FF702 /* ShirazMetro.geojson in Resources */ = {isa = PBXBuildFile; fileRef = C0C02A6523FA9BBF007FF702 /* ShirazMetro.geojson */; };
		C0C02A6823FAA146007FF702 /* MultipleShapesExampleViewController.swift in Sources */ = {isa = PBXBuildFile; fileRef = C0C02A6723FAA146007FF702 /* MultipleShapesExampleViewController.swift */; };
		C0C4BF8523CE0FD100025059 /* SHSunriseSet.h in Headers */ = {isa = PBXBuildFile; fileRef = C0C4BF8323CE0FD100025059 /* SHSunriseSet.h */; };
		C0C4BF8623CE0FD100025059 /* SHSunriseSet.m in Sources */ = {isa = PBXBuildFile; fileRef = C0C4BF8423CE0FD100025059 /* SHSunriseSet.m */; };
		C0F188D923A7693A0083C5BA /* BundleTests.swift in Sources */ = {isa = PBXBuildFile; fileRef = C0F188D823A7693A0083C5BA /* BundleTests.swift */; };
		C0F188DB23A785570083C5BA /* SHAccountManagerTests.swift in Sources */ = {isa = PBXBuildFile; fileRef = C0F188DA23A785570083C5BA /* SHAccountManagerTests.swift */; };
		C0F33D0523FBC21300B5753F /* MultipleImagesExampleViewController.swift in Sources */ = {isa = PBXBuildFile; fileRef = C0F33D0423FBC21300B5753F /* MultipleImagesExampleViewController.swift */; };
		C0F33D0723FBC24E00B5753F /* Peaks.geojson in Resources */ = {isa = PBXBuildFile; fileRef = C0F33D0623FBC24E00B5753F /* Peaks.geojson */; };
		C0F33D0A23FBC33D00B5753F /* PeakIcons.xcassets in Resources */ = {isa = PBXBuildFile; fileRef = C0F33D0923FBC33D00B5753F /* PeakIcons.xcassets */; };
/* End PBXBuildFile section */

/* Begin PBXContainerItemProxy section */
		C02D5ACC23A75A0C0046F6FB /* PBXContainerItemProxy */ = {
			isa = PBXContainerItemProxy;
			containerPortal = C090926E23A4B94A008C62D1 /* Project object */;
			proxyType = 1;
			remoteGlobalIDString = C090927623A4B94A008C62D1;
			remoteInfo = MapirMapKit;
		};
		C09092AE23A4BC42008C62D1 /* PBXContainerItemProxy */ = {
			isa = PBXContainerItemProxy;
			containerPortal = C090926E23A4B94A008C62D1 /* Project object */;
			proxyType = 1;
			remoteGlobalIDString = C090927623A4B94A008C62D1;
			remoteInfo = MapirMapKit;
		};
/* End PBXContainerItemProxy section */

/* Begin PBXCopyFilesBuildPhase section */
		C00492BE23AE0CB800BD609E /* Embed Frameworks */ = {
			isa = PBXCopyFilesBuildPhase;
			buildActionMask = 2147483647;
			dstPath = "";
			dstSubfolderSpec = 10;
			files = (
				C00492C923AE137D00BD609E /* MapboxMobileEvents.framework in Embed Frameworks */,
				C00492BD23AE0CB800BD609E /* Mapbox.framework in Embed Frameworks */,
			);
			name = "Embed Frameworks";
			runOnlyForDeploymentPostprocessing = 0;
		};
		C09092B023A4BC42008C62D1 /* Embed Frameworks */ = {
			isa = PBXCopyFilesBuildPhase;
			buildActionMask = 2147483647;
			dstPath = "";
			dstSubfolderSpec = 10;
			files = (
				C00492CB23AE139400BD609E /* MapboxMobileEvents.framework in Embed Frameworks */,
				C09092AD23A4BC42008C62D1 /* MapirMapKit.framework in Embed Frameworks */,
				C00492C023AE0D4C00BD609E /* Mapbox.framework in Embed Frameworks */,
			);
			name = "Embed Frameworks";
			runOnlyForDeploymentPostprocessing = 0;
		};
/* End PBXCopyFilesBuildPhase section */

/* Begin PBXFileReference section */
		C00492C723AE137D00BD609E /* MapboxMobileEvents.framework */ = {isa = PBXFileReference; lastKnownFileType = wrapper.framework; name = MapboxMobileEvents.framework; path = Carthage/Build/iOS/MapboxMobileEvents.framework; sourceTree = "<group>"; };
		C022210D24051988004AC0B9 /* SHMapViewDelegate.h */ = {isa = PBXFileReference; lastKnownFileType = sourcecode.c.h; path = SHMapViewDelegate.h; sourceTree = "<group>"; };
		C02D5AC623A75A0C0046F6FB /* MapirMapKitTests.xctest */ = {isa = PBXFileReference; explicitFileType = wrapper.cfbundle; includeInIndex = 0; path = MapirMapKitTests.xctest; sourceTree = BUILT_PRODUCTS_DIR; };
		C02D5AC823A75A0C0046F6FB /* SHMapViewTests.swift */ = {isa = PBXFileReference; lastKnownFileType = sourcecode.swift; path = SHMapViewTests.swift; sourceTree = "<group>"; };
		C02D5ACA23A75A0C0046F6FB /* Info.plist */ = {isa = PBXFileReference; lastKnownFileType = text.plist.xml; path = Info.plist; sourceTree = "<group>"; };
		C02D5AD223A75E930046F6FB /* SHStyleTests.swift */ = {isa = PBXFileReference; lastKnownFileType = sourcecode.swift; path = SHStyleTests.swift; sourceTree = "<group>"; };
		C076FB072422300600C60BC4 /* CHANGELOG.md */ = {isa = PBXFileReference; lastKnownFileType = net.daringfireball.markdown; path = CHANGELOG.md; sourceTree = "<group>"; };
		C07E948423D44CF900E50236 /* SHSunManager.h */ = {isa = PBXFileReference; lastKnownFileType = sourcecode.c.h; path = SHSunManager.h; sourceTree = "<group>"; };
		C07E948523D44CF900E50236 /* SHSunManager.m */ = {isa = PBXFileReference; lastKnownFileType = sourcecode.c.objc; path = SHSunManager.m; sourceTree = "<group>"; };
		C07F395923F7E3B60017CC68 /* CodeMapViewController.swift */ = {isa = PBXFileReference; lastKnownFileType = sourcecode.swift; path = CodeMapViewController.swift; sourceTree = "<group>"; };
		C07F395B23F7F8730017CC68 /* AnnotationExampleViewController.swift */ = {isa = PBXFileReference; lastKnownFileType = sourcecode.swift; path = AnnotationExampleViewController.swift; sourceTree = "<group>"; };
		C07F395D23F7FFE40017CC68 /* PolylineExampleViewController.swift */ = {isa = PBXFileReference; lastKnownFileType = sourcecode.swift; path = PolylineExampleViewController.swift; sourceTree = "<group>"; };
		C07F395F23F7FFF50017CC68 /* PolygonExampleViewController.swift */ = {isa = PBXFileReference; lastKnownFileType = sourcecode.swift; path = PolygonExampleViewController.swift; sourceTree = "<group>"; };
		C07F396323F826D10017CC68 /* AutoDarkModeExampleViewController.swift */ = {isa = PBXFileReference; lastKnownFileType = sourcecode.swift; path = AutoDarkModeExampleViewController.swift; sourceTree = "<group>"; };
		C07F396523F826DC0017CC68 /* AutoDarkModeUpdateWithOSExampleViewController.swift */ = {isa = PBXFileReference; lastKnownFileType = sourcecode.swift; path = AutoDarkModeUpdateWithOSExampleViewController.swift; sourceTree = "<group>"; };
		C07F396723F832670017CC68 /* AnnotationViewExampleViewController.swift */ = {isa = PBXFileReference; lastKnownFileType = sourcecode.swift; path = AnnotationViewExampleViewController.swift; sourceTree = "<group>"; };
		C07F396923F832C80017CC68 /* CustomAnnotationView.swift */ = {isa = PBXFileReference; lastKnownFileType = sourcecode.swift; path = CustomAnnotationView.swift; sourceTree = "<group>"; };
		C080427D23D33C1300279981 /* SHAutoDarkModeConfiguration.h */ = {isa = PBXFileReference; lastKnownFileType = sourcecode.c.h; path = SHAutoDarkModeConfiguration.h; sourceTree = "<group>"; };
		C080427E23D33C1300279981 /* SHAutoDarkModeConfiguration.m */ = {isa = PBXFileReference; lastKnownFileType = sourcecode.c.objc; path = SHAutoDarkModeConfiguration.m; sourceTree = "<group>"; };
		C08080C323F928ED00913460 /* DraggableAnnotationView.swift */ = {isa = PBXFileReference; lastKnownFileType = sourcecode.swift; path = DraggableAnnotationView.swift; sourceTree = "<group>"; };
		C08080C623F9292700913460 /* DraggableAnnotationViewExampleViewController.swift */ = {isa = PBXFileReference; fileEncoding = 4; lastKnownFileType = sourcecode.swift; path = DraggableAnnotationViewExampleViewController.swift; sourceTree = "<group>"; };
		C08080C823F93BB100913460 /* CustomCalloutViewExampleViewController.swift */ = {isa = PBXFileReference; lastKnownFileType = sourcecode.swift; path = CustomCalloutViewExampleViewController.swift; sourceTree = "<group>"; };
		C08080CA23F93C3300913460 /* CustomCalloutView.swift */ = {isa = PBXFileReference; lastKnownFileType = sourcecode.swift; path = CustomCalloutView.swift; sourceTree = "<group>"; };
		C090927723A4B94A008C62D1 /* MapirMapKit.framework */ = {isa = PBXFileReference; explicitFileType = wrapper.framework; includeInIndex = 0; path = MapirMapKit.framework; sourceTree = BUILT_PRODUCTS_DIR; };
		C090927A23A4B94A008C62D1 /* MapirMapKit.h */ = {isa = PBXFileReference; lastKnownFileType = sourcecode.c.h; path = MapirMapKit.h; sourceTree = "<group>"; };
		C090928223A4BA73008C62D1 /* Cartfile */ = {isa = PBXFileReference; fileEncoding = 4; lastKnownFileType = text; path = Cartfile; sourceTree = "<group>"; };
		C090928323A4BA73008C62D1 /* MapirMapKit.podspec */ = {isa = PBXFileReference; fileEncoding = 4; lastKnownFileType = text; path = MapirMapKit.podspec; sourceTree = "<group>"; xcLanguageSpecificationIdentifier = xcode.lang.ruby; };
		C090928423A4BA73008C62D1 /* Readme.md */ = {isa = PBXFileReference; fileEncoding = 4; lastKnownFileType = net.daringfireball.markdown; path = Readme.md; sourceTree = "<group>"; };
		C090928523A4BA73008C62D1 /* Cartfile.resolved */ = {isa = PBXFileReference; fileEncoding = 4; lastKnownFileType = text; path = Cartfile.resolved; sourceTree = "<group>"; };
		C090928623A4BA73008C62D1 /* LICENSE */ = {isa = PBXFileReference; fileEncoding = 4; lastKnownFileType = text; path = LICENSE; sourceTree = "<group>"; };
		C090928D23A4BAD3008C62D1 /* .gitignore */ = {isa = PBXFileReference; fileEncoding = 4; lastKnownFileType = text; path = .gitignore; sourceTree = "<group>"; };
		C090929023A4BBBF008C62D1 /* Mapbox.framework */ = {isa = PBXFileReference; lastKnownFileType = wrapper.framework; name = Mapbox.framework; path = Carthage/Build/iOS/Mapbox.framework; sourceTree = "<group>"; };
		C090929823A4BC1C008C62D1 /* Mapir MapKit Example.app */ = {isa = PBXFileReference; explicitFileType = wrapper.application; includeInIndex = 0; path = "Mapir MapKit Example.app"; sourceTree = BUILT_PRODUCTS_DIR; };
		C090929A23A4BC1C008C62D1 /* AppDelegate.swift */ = {isa = PBXFileReference; lastKnownFileType = sourcecode.swift; path = AppDelegate.swift; sourceTree = "<group>"; };
		C090929C23A4BC1C008C62D1 /* SceneDelegate.swift */ = {isa = PBXFileReference; lastKnownFileType = sourcecode.swift; path = SceneDelegate.swift; sourceTree = "<group>"; };
		C09092A123A4BC1C008C62D1 /* Base */ = {isa = PBXFileReference; lastKnownFileType = file.storyboard; name = Base; path = Base.lproj/Main.storyboard; sourceTree = "<group>"; };
		C09092A323A4BC1D008C62D1 /* Assets.xcassets */ = {isa = PBXFileReference; lastKnownFileType = folder.assetcatalog; path = Assets.xcassets; sourceTree = "<group>"; };
		C09092A623A4BC1D008C62D1 /* Base */ = {isa = PBXFileReference; lastKnownFileType = file.storyboard; name = Base; path = Base.lproj/LaunchScreen.storyboard; sourceTree = "<group>"; };
		C09092A823A4BC1D008C62D1 /* Info.plist */ = {isa = PBXFileReference; lastKnownFileType = text.plist.xml; path = Info.plist; sourceTree = "<group>"; };
		C09092B123A4BDAF008C62D1 /* MapirAssets.xcassets */ = {isa = PBXFileReference; lastKnownFileType = folder.assetcatalog; path = MapirAssets.xcassets; sourceTree = "<group>"; };
		C09092B323A4BE0D008C62D1 /* SHMapView.m */ = {isa = PBXFileReference; fileEncoding = 4; lastKnownFileType = sourcecode.c.objc; path = SHMapView.m; sourceTree = "<group>"; };
		C09092B423A4BE0D008C62D1 /* SHMapView.h */ = {isa = PBXFileReference; fileEncoding = 4; lastKnownFileType = sourcecode.c.h; path = SHMapView.h; sourceTree = "<group>"; };
		C09092B723A4BE38008C62D1 /* StoryboardMapViewController.swift */ = {isa = PBXFileReference; fileEncoding = 4; lastKnownFileType = sourcecode.swift; path = StoryboardMapViewController.swift; sourceTree = "<group>"; };
		C09092B923A4BEBB008C62D1 /* SHStyle.h */ = {isa = PBXFileReference; lastKnownFileType = sourcecode.c.h; path = SHStyle.h; sourceTree = "<group>"; };
		C09092BA23A4BEBB008C62D1 /* SHStyle.m */ = {isa = PBXFileReference; lastKnownFileType = sourcecode.c.objc; path = SHStyle.m; sourceTree = "<group>"; };
		C09092BF23A4CC23008C62D1 /* SHURLProtocol.h */ = {isa = PBXFileReference; lastKnownFileType = sourcecode.c.h; path = SHURLProtocol.h; sourceTree = "<group>"; };
		C09092C023A4CC23008C62D1 /* SHURLProtocol.m */ = {isa = PBXFileReference; lastKnownFileType = sourcecode.c.objc; path = SHURLProtocol.m; sourceTree = "<group>"; };
		C09092C323A4E7F7008C62D1 /* SHAccountManager.h */ = {isa = PBXFileReference; lastKnownFileType = sourcecode.c.h; path = SHAccountManager.h; sourceTree = "<group>"; };
		C09092C423A4E7F7008C62D1 /* SHAccountManager.m */ = {isa = PBXFileReference; lastKnownFileType = sourcecode.c.objc; path = SHAccountManager.m; sourceTree = "<group>"; };
		C09092CB23A51D48008C62D1 /* UIImage+Extension.h */ = {isa = PBXFileReference; lastKnownFileType = sourcecode.c.h; path = "UIImage+Extension.h"; sourceTree = "<group>"; };
		C09092CC23A51D48008C62D1 /* UIImage+Extension.m */ = {isa = PBXFileReference; lastKnownFileType = sourcecode.c.objc; path = "UIImage+Extension.m"; sourceTree = "<group>"; };
		C09092D323A553C5008C62D1 /* Shiveh.json */ = {isa = PBXFileReference; fileEncoding = 4; lastKnownFileType = text.json; path = Shiveh.json; sourceTree = "<group>"; };
		C09092D923A564BC008C62D1 /* Info.plist */ = {isa = PBXFileReference; lastKnownFileType = text.plist.xml; name = Info.plist; path = MapirMapKit/Info.plist; sourceTree = "<group>"; };
		C09092FE23A57A0D008C62D1 /* FeaturesTableViewController.swift */ = {isa = PBXFileReference; lastKnownFileType = sourcecode.swift; path = FeaturesTableViewController.swift; sourceTree = "<group>"; };
		C090930023A5859B008C62D1 /* Feature.swift */ = {isa = PBXFileReference; lastKnownFileType = sourcecode.swift; path = Feature.swift; sourceTree = "<group>"; };
		C09A5DCD23D704FE0057A977 /* SHAutoDarkModeConfigurationTests.swift */ = {isa = PBXFileReference; lastKnownFileType = sourcecode.swift; path = SHAutoDarkModeConfigurationTests.swift; sourceTree = "<group>"; };
		C0C02A6523FA9BBF007FF702 /* ShirazMetro.geojson */ = {isa = PBXFileReference; lastKnownFileType = text; path = ShirazMetro.geojson; sourceTree = "<group>"; };
		C0C02A6723FAA146007FF702 /* MultipleShapesExampleViewController.swift */ = {isa = PBXFileReference; lastKnownFileType = sourcecode.swift; path = MultipleShapesExampleViewController.swift; sourceTree = "<group>"; };
		C0C4BF8323CE0FD100025059 /* SHSunriseSet.h */ = {isa = PBXFileReference; lastKnownFileType = sourcecode.c.h; path = SHSunriseSet.h; sourceTree = "<group>"; };
		C0C4BF8423CE0FD100025059 /* SHSunriseSet.m */ = {isa = PBXFileReference; lastKnownFileType = sourcecode.c.objc; path = SHSunriseSet.m; sourceTree = "<group>"; };
		C0F188D823A7693A0083C5BA /* BundleTests.swift */ = {isa = PBXFileReference; lastKnownFileType = sourcecode.swift; path = BundleTests.swift; sourceTree = "<group>"; };
		C0F188DA23A785570083C5BA /* SHAccountManagerTests.swift */ = {isa = PBXFileReference; lastKnownFileType = sourcecode.swift; path = SHAccountManagerTests.swift; sourceTree = "<group>"; };
		C0F33D0423FBC21300B5753F /* MultipleImagesExampleViewController.swift */ = {isa = PBXFileReference; lastKnownFileType = sourcecode.swift; path = MultipleImagesExampleViewController.swift; sourceTree = "<group>"; };
		C0F33D0623FBC24E00B5753F /* Peaks.geojson */ = {isa = PBXFileReference; lastKnownFileType = text; path = Peaks.geojson; sourceTree = "<group>"; };
		C0F33D0923FBC33D00B5753F /* PeakIcons.xcassets */ = {isa = PBXFileReference; lastKnownFileType = folder.assetcatalog; path = PeakIcons.xcassets; sourceTree = "<group>"; };
/* End PBXFileReference section */

/* Begin PBXFrameworksBuildPhase section */
		C02D5AC323A75A0C0046F6FB /* Frameworks */ = {
			isa = PBXFrameworksBuildPhase;
			buildActionMask = 2147483647;
			files = (
				C02D5AD123A75A160046F6FB /* Mapbox.framework in Frameworks */,
				C02D5ACB23A75A0C0046F6FB /* MapirMapKit.framework in Frameworks */,
			);
			runOnlyForDeploymentPostprocessing = 0;
		};
		C090927423A4B94A008C62D1 /* Frameworks */ = {
			isa = PBXFrameworksBuildPhase;
			buildActionMask = 2147483647;
			files = (
				C00492C823AE137D00BD609E /* MapboxMobileEvents.framework in Frameworks */,
				C00492BC23AE0CB800BD609E /* Mapbox.framework in Frameworks */,
			);
			runOnlyForDeploymentPostprocessing = 0;
		};
		C090929523A4BC1C008C62D1 /* Frameworks */ = {
			isa = PBXFrameworksBuildPhase;
			buildActionMask = 2147483647;
			files = (
				C00492CA23AE139400BD609E /* MapboxMobileEvents.framework in Frameworks */,
				C09092AC23A4BC42008C62D1 /* MapirMapKit.framework in Frameworks */,
				C00492BF23AE0D4C00BD609E /* Mapbox.framework in Frameworks */,
			);
			runOnlyForDeploymentPostprocessing = 0;
		};
/* End PBXFrameworksBuildPhase section */

/* Begin PBXGroup section */
		C02D5AC723A75A0C0046F6FB /* MapirMapKitTests */ = {
			isa = PBXGroup;
			children = (
				C09A5DCD23D704FE0057A977 /* SHAutoDarkModeConfigurationTests.swift */,
				C0F188DA23A785570083C5BA /* SHAccountManagerTests.swift */,
				C0F188D823A7693A0083C5BA /* BundleTests.swift */,
				C02D5AC823A75A0C0046F6FB /* SHMapViewTests.swift */,
				C02D5AD223A75E930046F6FB /* SHStyleTests.swift */,
				C02D5ACA23A75A0C0046F6FB /* Info.plist */,
			);
			path = MapirMapKitTests;
			sourceTree = "<group>";
		};
		C07F396223F825FD0017CC68 /* Supporting Files */ = {
			isa = PBXGroup;
			children = (
				C090929A23A4BC1C008C62D1 /* AppDelegate.swift */,
				C090929C23A4BC1C008C62D1 /* SceneDelegate.swift */,
				C09092FE23A57A0D008C62D1 /* FeaturesTableViewController.swift */,
				C090930023A5859B008C62D1 /* Feature.swift */,
			);
			path = "Supporting Files";
			sourceTree = "<group>";
		};
		C07F396B23F8352B0017CC68 /* Annotation View Example */ = {
			isa = PBXGroup;
			children = (
				C07F396723F832670017CC68 /* AnnotationViewExampleViewController.swift */,
				C07F396923F832C80017CC68 /* CustomAnnotationView.swift */,
			);
			path = "Annotation View Example";
			sourceTree = "<group>";
		};
		C08080C523F928F500913460 /* Draggable Annotation View Example */ = {
			isa = PBXGroup;
			children = (
				C08080C623F9292700913460 /* DraggableAnnotationViewExampleViewController.swift */,
				C08080C323F928ED00913460 /* DraggableAnnotationView.swift */,
			);
			path = "Draggable Annotation View Example";
			sourceTree = "<group>";
		};
		C08080CC23F93C4400913460 /* Custom Callout View Example */ = {
			isa = PBXGroup;
			children = (
				C08080C823F93BB100913460 /* CustomCalloutViewExampleViewController.swift */,
				C08080CA23F93C3300913460 /* CustomCalloutView.swift */,
			);
			path = "Custom Callout View Example";
			sourceTree = "<group>";
		};
		C090926D23A4B94A008C62D1 = {
			isa = PBXGroup;
			children = (
				C090927923A4B94A008C62D1 /* MapirMapKit */,
				C090929923A4BC1C008C62D1 /* Mapir MapKit Example */,
				C02D5AC723A75A0C0046F6FB /* MapirMapKitTests */,
				C090928C23A4BA7C008C62D1 /* Configs */,
				C090928F23A4BBBF008C62D1 /* Frameworks */,
				C090927823A4B94A008C62D1 /* Products */,
			);
			sourceTree = "<group>";
		};
		C090927823A4B94A008C62D1 /* Products */ = {
			isa = PBXGroup;
			children = (
				C090927723A4B94A008C62D1 /* MapirMapKit.framework */,
				C090929823A4BC1C008C62D1 /* Mapir MapKit Example.app */,
				C02D5AC623A75A0C0046F6FB /* MapirMapKitTests.xctest */,
			);
			name = Products;
			sourceTree = "<group>";
		};
		C090927923A4B94A008C62D1 /* MapirMapKit */ = {
			isa = PBXGroup;
			children = (
				C090927A23A4B94A008C62D1 /* MapirMapKit.h */,
				C09092D623A563E1008C62D1 /* Source */,
				C09092D823A5644A008C62D1 /* Resources */,
			);
			path = MapirMapKit;
			sourceTree = "<group>";
		};
		C090928C23A4BA7C008C62D1 /* Configs */ = {
			isa = PBXGroup;
			children = (
				C09092D923A564BC008C62D1 /* Info.plist */,
				C090928D23A4BAD3008C62D1 /* .gitignore */,
				C090928223A4BA73008C62D1 /* Cartfile */,
				C090928523A4BA73008C62D1 /* Cartfile.resolved */,
				C090928623A4BA73008C62D1 /* LICENSE */,
				C090928323A4BA73008C62D1 /* MapirMapKit.podspec */,
				C090928423A4BA73008C62D1 /* Readme.md */,
				C076FB072422300600C60BC4 /* CHANGELOG.md */,
			);
			name = Configs;
			sourceTree = "<group>";
		};
		C090928F23A4BBBF008C62D1 /* Frameworks */ = {
			isa = PBXGroup;
			children = (
				C00492C723AE137D00BD609E /* MapboxMobileEvents.framework */,
				C090929023A4BBBF008C62D1 /* Mapbox.framework */,
			);
			name = Frameworks;
			sourceTree = "<group>";
		};
		C090929923A4BC1C008C62D1 /* Mapir MapKit Example */ = {
			isa = PBXGroup;
			children = (
				C07F396223F825FD0017CC68 /* Supporting Files */,
				C09092B723A4BE38008C62D1 /* StoryboardMapViewController.swift */,
				C07F395923F7E3B60017CC68 /* CodeMapViewController.swift */,
				C07F395B23F7F8730017CC68 /* AnnotationExampleViewController.swift */,
				C07F395D23F7FFE40017CC68 /* PolylineExampleViewController.swift */,
				C07F395F23F7FFF50017CC68 /* PolygonExampleViewController.swift */,
				C07F396B23F8352B0017CC68 /* Annotation View Example */,
				C08080C523F928F500913460 /* Draggable Annotation View Example */,
				C08080CC23F93C4400913460 /* Custom Callout View Example */,
				C0C02A6923FAA14F007FF702 /* Multiple Shapes Example */,
				C0F33D0823FBC25800B5753F /* Multiple Image Example */,
				C07F396323F826D10017CC68 /* AutoDarkModeExampleViewController.swift */,
				C07F396523F826DC0017CC68 /* AutoDarkModeUpdateWithOSExampleViewController.swift */,
				C09092A023A4BC1C008C62D1 /* Main.storyboard */,
				C09092A523A4BC1D008C62D1 /* LaunchScreen.storyboard */,
				C09092A323A4BC1D008C62D1 /* Assets.xcassets */,
				C09092A823A4BC1D008C62D1 /* Info.plist */,
			);
			path = "Mapir MapKit Example";
			sourceTree = "<group>";
		};
		C09092D623A563E1008C62D1 /* Source */ = {
			isa = PBXGroup;
			children = (
				C09092B423A4BE0D008C62D1 /* SHMapView.h */,
				C09092B323A4BE0D008C62D1 /* SHMapView.m */,
				C022210D24051988004AC0B9 /* SHMapViewDelegate.h */,
				C09092B923A4BEBB008C62D1 /* SHStyle.h */,
				C09092BA23A4BEBB008C62D1 /* SHStyle.m */,
				C09092C323A4E7F7008C62D1 /* SHAccountManager.h */,
				C09092C423A4E7F7008C62D1 /* SHAccountManager.m */,
				C09092BF23A4CC23008C62D1 /* SHURLProtocol.h */,
				C09092C023A4CC23008C62D1 /* SHURLProtocol.m */,
				C07E948423D44CF900E50236 /* SHSunManager.h */,
				C07E948523D44CF900E50236 /* SHSunManager.m */,
				C080427D23D33C1300279981 /* SHAutoDarkModeConfiguration.h */,
				C080427E23D33C1300279981 /* SHAutoDarkModeConfiguration.m */,
				C0C4BF8323CE0FD100025059 /* SHSunriseSet.h */,
				C0C4BF8423CE0FD100025059 /* SHSunriseSet.m */,
				C09092D723A563EF008C62D1 /* Extensions */,
			);
			path = Source;
			sourceTree = "<group>";
		};
		C09092D723A563EF008C62D1 /* Extensions */ = {
			isa = PBXGroup;
			children = (
				C09092CB23A51D48008C62D1 /* UIImage+Extension.h */,
				C09092CC23A51D48008C62D1 /* UIImage+Extension.m */,
			);
			path = Extensions;
			sourceTree = "<group>";
		};
		C09092D823A5644A008C62D1 /* Resources */ = {
			isa = PBXGroup;
			children = (
				C09092B123A4BDAF008C62D1 /* MapirAssets.xcassets */,
				C09092D323A553C5008C62D1 /* Shiveh.json */,
			);
			path = Resources;
			sourceTree = "<group>";
		};
		C0C02A6923FAA14F007FF702 /* Multiple Shapes Example */ = {
			isa = PBXGroup;
			children = (
				C0C02A6723FAA146007FF702 /* MultipleShapesExampleViewController.swift */,
				C0C02A6523FA9BBF007FF702 /* ShirazMetro.geojson */,
			);
			path = "Multiple Shapes Example";
			sourceTree = "<group>";
		};
		C0F33D0823FBC25800B5753F /* Multiple Image Example */ = {
			isa = PBXGroup;
			children = (
				C0F33D0423FBC21300B5753F /* MultipleImagesExampleViewController.swift */,
				C0F33D0923FBC33D00B5753F /* PeakIcons.xcassets */,
				C0F33D0623FBC24E00B5753F /* Peaks.geojson */,
			);
			path = "Multiple Image Example";
			sourceTree = "<group>";
		};
/* End PBXGroup section */

/* Begin PBXHeadersBuildPhase section */
		C090927223A4B94A008C62D1 /* Headers */ = {
			isa = PBXHeadersBuildPhase;
			buildActionMask = 2147483647;
			files = (
				C09092CD23A51D48008C62D1 /* UIImage+Extension.h in Headers */,
				C09092BB23A4BEBB008C62D1 /* SHStyle.h in Headers */,
				C09092C123A4CC23008C62D1 /* SHURLProtocol.h in Headers */,
				C090927C23A4B94A008C62D1 /* MapirMapKit.h in Headers */,
				C022210E24051988004AC0B9 /* SHMapViewDelegate.h in Headers */,
				C09092C523A4E7F7008C62D1 /* SHAccountManager.h in Headers */,
				C0C4BF8523CE0FD100025059 /* SHSunriseSet.h in Headers */,
				C080427F23D33C1300279981 /* SHAutoDarkModeConfiguration.h in Headers */,
				C07E948623D44CF900E50236 /* SHSunManager.h in Headers */,
				C09092B623A4BE0D008C62D1 /* SHMapView.h in Headers */,
			);
			runOnlyForDeploymentPostprocessing = 0;
		};
/* End PBXHeadersBuildPhase section */

/* Begin PBXNativeTarget section */
		C02D5AC523A75A0C0046F6FB /* MapirMapKitTests */ = {
			isa = PBXNativeTarget;
			buildConfigurationList = C02D5ACE23A75A0C0046F6FB /* Build configuration list for PBXNativeTarget "MapirMapKitTests" */;
			buildPhases = (
				C02D5AC223A75A0C0046F6FB /* Sources */,
				C02D5AC323A75A0C0046F6FB /* Frameworks */,
				C02D5AC423A75A0C0046F6FB /* Resources */,
				C02D5AD423A75F500046F6FB /* Carthage Copy Framworks */,
			);
			buildRules = (
			);
			dependencies = (
				C02D5ACD23A75A0C0046F6FB /* PBXTargetDependency */,
			);
			name = MapirMapKitTests;
			productName = MapirMapKitTests;
			productReference = C02D5AC623A75A0C0046F6FB /* MapirMapKitTests.xctest */;
			productType = "com.apple.product-type.bundle.unit-test";
		};
		C090927623A4B94A008C62D1 /* MapirMapKit */ = {
			isa = PBXNativeTarget;
			buildConfigurationList = C090927F23A4B94A008C62D1 /* Build configuration list for PBXNativeTarget "MapirMapKit" */;
			buildPhases = (
				C090927223A4B94A008C62D1 /* Headers */,
				C090927323A4B94A008C62D1 /* Sources */,
				C090927423A4B94A008C62D1 /* Frameworks */,
				C090927523A4B94A008C62D1 /* Resources */,
				C00492BE23AE0CB800BD609E /* Embed Frameworks */,
			);
			buildRules = (
			);
			dependencies = (
			);
			name = MapirMapKit;
			productName = MapirMapKit;
			productReference = C090927723A4B94A008C62D1 /* MapirMapKit.framework */;
			productType = "com.apple.product-type.framework";
		};
		C090929723A4BC1C008C62D1 /* Mapir MapKit Example */ = {
			isa = PBXNativeTarget;
			buildConfigurationList = C09092A923A4BC1D008C62D1 /* Build configuration list for PBXNativeTarget "Mapir MapKit Example" */;
			buildPhases = (
				C090929423A4BC1C008C62D1 /* Sources */,
				C090929523A4BC1C008C62D1 /* Frameworks */,
				C090929623A4BC1C008C62D1 /* Resources */,
				C09092B023A4BC42008C62D1 /* Embed Frameworks */,
				C09092DB23A56F7F008C62D1 /* Insert Map.ir API key */,
			);
			buildRules = (
			);
			dependencies = (
				C09092AF23A4BC42008C62D1 /* PBXTargetDependency */,
			);
			name = "Mapir MapKit Example";
			productName = "Mapir MapKit Example";
			productReference = C090929823A4BC1C008C62D1 /* Mapir MapKit Example.app */;
			productType = "com.apple.product-type.application";
		};
/* End PBXNativeTarget section */

/* Begin PBXProject section */
		C090926E23A4B94A008C62D1 /* Project object */ = {
			isa = PBXProject;
			attributes = {
				LastSwiftUpdateCheck = 1130;
				LastUpgradeCheck = 1130;
				ORGANIZATIONNAME = Map;
				TargetAttributes = {
					C02D5AC523A75A0C0046F6FB = {
						CreatedOnToolsVersion = 11.3;
					};
					C090927623A4B94A008C62D1 = {
						CreatedOnToolsVersion = 11.3;
					};
					C090929723A4BC1C008C62D1 = {
						CreatedOnToolsVersion = 11.3;
					};
				};
			};
			buildConfigurationList = C090927123A4B94A008C62D1 /* Build configuration list for PBXProject "MapirMapKit" */;
			compatibilityVersion = "Xcode 9.3";
			developmentRegion = en;
			hasScannedForEncodings = 0;
			knownRegions = (
				en,
				Base,
			);
			mainGroup = C090926D23A4B94A008C62D1;
			productRefGroup = C090927823A4B94A008C62D1 /* Products */;
			projectDirPath = "";
			projectRoot = "";
			targets = (
				C090927623A4B94A008C62D1 /* MapirMapKit */,
				C090929723A4BC1C008C62D1 /* Mapir MapKit Example */,
				C02D5AC523A75A0C0046F6FB /* MapirMapKitTests */,
			);
		};
/* End PBXProject section */

/* Begin PBXResourcesBuildPhase section */
		C02D5AC423A75A0C0046F6FB /* Resources */ = {
			isa = PBXResourcesBuildPhase;
			buildActionMask = 2147483647;
			files = (
			);
			runOnlyForDeploymentPostprocessing = 0;
		};
		C090927523A4B94A008C62D1 /* Resources */ = {
			isa = PBXResourcesBuildPhase;
			buildActionMask = 2147483647;
			files = (
				C09092D423A553C5008C62D1 /* Shiveh.json in Resources */,
				C09092B223A4BDAF008C62D1 /* MapirAssets.xcassets in Resources */,
			);
			runOnlyForDeploymentPostprocessing = 0;
		};
		C090929623A4BC1C008C62D1 /* Resources */ = {
			isa = PBXResourcesBuildPhase;
			buildActionMask = 2147483647;
			files = (
				C0C02A6623FA9BBF007FF702 /* ShirazMetro.geojson in Resources */,
				C0F33D0723FBC24E00B5753F /* Peaks.geojson in Resources */,
				C09092A723A4BC1D008C62D1 /* LaunchScreen.storyboard in Resources */,
				C0F33D0A23FBC33D00B5753F /* PeakIcons.xcassets in Resources */,
				C09092A423A4BC1D008C62D1 /* Assets.xcassets in Resources */,
				C09092A223A4BC1C008C62D1 /* Main.storyboard in Resources */,
			);
			runOnlyForDeploymentPostprocessing = 0;
		};
/* End PBXResourcesBuildPhase section */

/* Begin PBXShellScriptBuildPhase section */
		C02D5AD423A75F500046F6FB /* Carthage Copy Framworks */ = {
			isa = PBXShellScriptBuildPhase;
			buildActionMask = 2147483647;
			files = (
			);
			inputFileListPaths = (
			);
			inputPaths = (
				"$(SRCROOT)/Carthage/Build/iOS/Mapbox.framework",
				"$(SRCROOT)/Carthage/Build/iOS/MapboxMobileEvents.framework",
			);
			name = "Carthage Copy Framworks";
			outputFileListPaths = (
			);
			outputPaths = (
			);
			runOnlyForDeploymentPostprocessing = 0;
			shellPath = /bin/sh;
			shellScript = "/usr/local/bin/carthage copy-frameworks\n";
		};
		C09092DB23A56F7F008C62D1 /* Insert Map.ir API key */ = {
			isa = PBXShellScriptBuildPhase;
			buildActionMask = 2147483647;
			files = (
			);
			inputFileListPaths = (
			);
			inputPaths = (
				"$(TARGET_BUILD_DIR)/$(INFOPLIST_PATH)",
			);
			name = "Insert Map.ir API key";
			outputFileListPaths = (
			);
			outputPaths = (
			);
			runOnlyForDeploymentPostprocessing = 0;
			shellPath = /bin/sh;
			shellScript = "echo \"Inserting Map.ir API key...\"\nkey_file=~/.mapir\nkey=\"$(cat $key_file 2>/dev/null)\"\n\nif [ \"$key\" ]; then\n  plutil -replace MapirAPIKey -string $key \"$TARGET_BUILD_DIR/$INFOPLIST_PATH\"\n  echo \"API key inserted.\"\nelse\n  echo \"ERROR: Missing Map.ir API key. In order to use example application you need an API key. create an account or login to your account at <https://corp.map.ir/registration>, create a project or open an existing one, then create a new file at $key_file, add your project's API key to the file.\"\n  exit 1\nfi\n";
		};
/* End PBXShellScriptBuildPhase section */

/* Begin PBXSourcesBuildPhase section */
		C02D5AC223A75A0C0046F6FB /* Sources */ = {
			isa = PBXSourcesBuildPhase;
			buildActionMask = 2147483647;
			files = (
				C0F188DB23A785570083C5BA /* SHAccountManagerTests.swift in Sources */,
				C02D5AD323A75E930046F6FB /* SHStyleTests.swift in Sources */,
				C0F188D923A7693A0083C5BA /* BundleTests.swift in Sources */,
				C09A5DCE23D704FE0057A977 /* SHAutoDarkModeConfigurationTests.swift in Sources */,
				C02D5AC923A75A0C0046F6FB /* SHMapViewTests.swift in Sources */,
			);
			runOnlyForDeploymentPostprocessing = 0;
		};
		C090927323A4B94A008C62D1 /* Sources */ = {
			isa = PBXSourcesBuildPhase;
			buildActionMask = 2147483647;
			files = (
				C09092C623A4E7F8008C62D1 /* SHAccountManager.m in Sources */,
				C09092BC23A4BEBB008C62D1 /* SHStyle.m in Sources */,
				C09092B523A4BE0D008C62D1 /* SHMapView.m in Sources */,
				C09092CE23A51D48008C62D1 /* UIImage+Extension.m in Sources */,
				C09092C223A4CC23008C62D1 /* SHURLProtocol.m in Sources */,
				C07E948723D44CF900E50236 /* SHSunManager.m in Sources */,
				C0C4BF8623CE0FD100025059 /* SHSunriseSet.m in Sources */,
				C080428023D33C1300279981 /* SHAutoDarkModeConfiguration.m in Sources */,
			);
			runOnlyForDeploymentPostprocessing = 0;
		};
		C090929423A4BC1C008C62D1 /* Sources */ = {
			isa = PBXSourcesBuildPhase;
			buildActionMask = 2147483647;
			files = (
				C08080C723F9292700913460 /* DraggableAnnotationViewExampleViewController.swift in Sources */,
				C09092B823A4BE38008C62D1 /* StoryboardMapViewController.swift in Sources */,
				C07F395A23F7E3B60017CC68 /* CodeMapViewController.swift in Sources */,
				C08080C423F928ED00913460 /* DraggableAnnotationView.swift in Sources */,
				C090929B23A4BC1C008C62D1 /* AppDelegate.swift in Sources */,
				C0F33D0523FBC21300B5753F /* MultipleImagesExampleViewController.swift in Sources */,
				C07F396423F826D10017CC68 /* AutoDarkModeExampleViewController.swift in Sources */,
				C090930123A5859B008C62D1 /* Feature.swift in Sources */,
				C07F396823F832670017CC68 /* AnnotationViewExampleViewController.swift in Sources */,
				C09092FF23A57A0D008C62D1 /* FeaturesTableViewController.swift in Sources */,
				C07F395E23F7FFE40017CC68 /* PolylineExampleViewController.swift in Sources */,
				C07F396A23F832C80017CC68 /* CustomAnnotationView.swift in Sources */,
				C07F396023F7FFF50017CC68 /* PolygonExampleViewController.swift in Sources */,
				C08080C923F93BB100913460 /* CustomCalloutViewExampleViewController.swift in Sources */,
				C07F396623F826DC0017CC68 /* AutoDarkModeUpdateWithOSExampleViewController.swift in Sources */,
				C08080CB23F93C3300913460 /* CustomCalloutView.swift in Sources */,
				C090929D23A4BC1C008C62D1 /* SceneDelegate.swift in Sources */,
				C07F395C23F7F8730017CC68 /* AnnotationExampleViewController.swift in Sources */,
				C0C02A6823FAA146007FF702 /* MultipleShapesExampleViewController.swift in Sources */,
			);
			runOnlyForDeploymentPostprocessing = 0;
		};
/* End PBXSourcesBuildPhase section */

/* Begin PBXTargetDependency section */
		C02D5ACD23A75A0C0046F6FB /* PBXTargetDependency */ = {
			isa = PBXTargetDependency;
			platformFilter = ios;
			target = C090927623A4B94A008C62D1 /* MapirMapKit */;
			targetProxy = C02D5ACC23A75A0C0046F6FB /* PBXContainerItemProxy */;
		};
		C09092AF23A4BC42008C62D1 /* PBXTargetDependency */ = {
			isa = PBXTargetDependency;
			target = C090927623A4B94A008C62D1 /* MapirMapKit */;
			targetProxy = C09092AE23A4BC42008C62D1 /* PBXContainerItemProxy */;
		};
/* End PBXTargetDependency section */

/* Begin PBXVariantGroup section */
		C09092A023A4BC1C008C62D1 /* Main.storyboard */ = {
			isa = PBXVariantGroup;
			children = (
				C09092A123A4BC1C008C62D1 /* Base */,
			);
			name = Main.storyboard;
			sourceTree = "<group>";
		};
		C09092A523A4BC1D008C62D1 /* LaunchScreen.storyboard */ = {
			isa = PBXVariantGroup;
			children = (
				C09092A623A4BC1D008C62D1 /* Base */,
			);
			name = LaunchScreen.storyboard;
			sourceTree = "<group>";
		};
/* End PBXVariantGroup section */

/* Begin XCBuildConfiguration section */
		C02D5ACF23A75A0C0046F6FB /* Debug */ = {
			isa = XCBuildConfiguration;
			buildSettings = {
				CODE_SIGN_STYLE = Automatic;
				DEVELOPMENT_TEAM = 33DVPZ7L7T;
				FRAMEWORK_SEARCH_PATHS = (
					"$(inherited)",
					"$(PROJECT_DIR)/Carthage/Build/iOS",
				);
				INFOPLIST_FILE = MapirMapKitTests/Info.plist;
				LD_RUNPATH_SEARCH_PATHS = (
					"$(inherited)",
					"@executable_path/Frameworks",
					"@loader_path/Frameworks",
				);
				PRODUCT_BUNDLE_IDENTIFIER = ir.map.MapirMapKitTests;
				PRODUCT_NAME = "$(TARGET_NAME)";
				SWIFT_ACTIVE_COMPILATION_CONDITIONS = DEBUG;
				SWIFT_OPTIMIZATION_LEVEL = "-Onone";
				SWIFT_VERSION = 5.0;
				TARGETED_DEVICE_FAMILY = "1,2";
			};
			name = Debug;
		};
		C02D5AD023A75A0C0046F6FB /* Release */ = {
			isa = XCBuildConfiguration;
			buildSettings = {
				CODE_SIGN_STYLE = Automatic;
				DEVELOPMENT_TEAM = 33DVPZ7L7T;
				FRAMEWORK_SEARCH_PATHS = (
					"$(inherited)",
					"$(PROJECT_DIR)/Carthage/Build/iOS",
				);
				INFOPLIST_FILE = MapirMapKitTests/Info.plist;
				LD_RUNPATH_SEARCH_PATHS = (
					"$(inherited)",
					"@executable_path/Frameworks",
					"@loader_path/Frameworks",
				);
				PRODUCT_BUNDLE_IDENTIFIER = ir.map.MapirMapKitTests;
				PRODUCT_NAME = "$(TARGET_NAME)";
				SWIFT_COMPILATION_MODE = wholemodule;
				SWIFT_OPTIMIZATION_LEVEL = "-O";
				SWIFT_VERSION = 5.0;
				TARGETED_DEVICE_FAMILY = "1,2";
			};
			name = Release;
		};
		C090927D23A4B94A008C62D1 /* Debug */ = {
			isa = XCBuildConfiguration;
			buildSettings = {
				ALWAYS_SEARCH_USER_PATHS = NO;
				CLANG_ANALYZER_NONNULL = YES;
				CLANG_ANALYZER_NUMBER_OBJECT_CONVERSION = YES_AGGRESSIVE;
				CLANG_CXX_LANGUAGE_STANDARD = "gnu++14";
				CLANG_CXX_LIBRARY = "libc++";
				CLANG_ENABLE_MODULES = YES;
				CLANG_ENABLE_OBJC_ARC = YES;
				CLANG_ENABLE_OBJC_WEAK = YES;
				CLANG_WARN_BLOCK_CAPTURE_AUTORELEASING = YES;
				CLANG_WARN_BOOL_CONVERSION = YES;
				CLANG_WARN_COMMA = YES;
				CLANG_WARN_CONSTANT_CONVERSION = YES;
				CLANG_WARN_DEPRECATED_OBJC_IMPLEMENTATIONS = YES;
				CLANG_WARN_DIRECT_OBJC_ISA_USAGE = YES_ERROR;
				CLANG_WARN_DOCUMENTATION_COMMENTS = YES;
				CLANG_WARN_EMPTY_BODY = YES;
				CLANG_WARN_ENUM_CONVERSION = YES;
				CLANG_WARN_INFINITE_RECURSION = YES;
				CLANG_WARN_INT_CONVERSION = YES;
				CLANG_WARN_NON_LITERAL_NULL_CONVERSION = YES;
				CLANG_WARN_OBJC_IMPLICIT_RETAIN_SELF = YES;
				CLANG_WARN_OBJC_LITERAL_CONVERSION = YES;
				CLANG_WARN_OBJC_ROOT_CLASS = YES_ERROR;
				CLANG_WARN_RANGE_LOOP_ANALYSIS = YES;
				CLANG_WARN_STRICT_PROTOTYPES = YES;
				CLANG_WARN_SUSPICIOUS_MOVE = YES;
				CLANG_WARN_UNGUARDED_AVAILABILITY = YES_AGGRESSIVE;
				CLANG_WARN_UNREACHABLE_CODE = YES;
				CLANG_WARN__DUPLICATE_METHOD_MATCH = YES;
				COPY_PHASE_STRIP = NO;
				CURRENT_PROJECT_VERSION = 1;
				DEBUG_INFORMATION_FORMAT = dwarf;
				ENABLE_STRICT_OBJC_MSGSEND = YES;
				ENABLE_TESTABILITY = YES;
				GCC_C_LANGUAGE_STANDARD = gnu11;
				GCC_DYNAMIC_NO_PIC = NO;
				GCC_NO_COMMON_BLOCKS = YES;
				GCC_OPTIMIZATION_LEVEL = 0;
				GCC_PREPROCESSOR_DEFINITIONS = (
					"DEBUG=1",
					"$(inherited)",
				);
				GCC_WARN_64_TO_32_BIT_CONVERSION = YES;
				GCC_WARN_ABOUT_RETURN_TYPE = YES_ERROR;
				GCC_WARN_UNDECLARED_SELECTOR = YES;
				GCC_WARN_UNINITIALIZED_AUTOS = YES_AGGRESSIVE;
				GCC_WARN_UNUSED_FUNCTION = YES;
				GCC_WARN_UNUSED_VARIABLE = YES;
				IPHONEOS_DEPLOYMENT_TARGET = 13.2;
				MTL_ENABLE_DEBUG_INFO = INCLUDE_SOURCE;
				MTL_FAST_MATH = YES;
				ONLY_ACTIVE_ARCH = YES;
				SDKROOT = iphoneos;
				VERSIONING_SYSTEM = "apple-generic";
				VERSION_INFO_PREFIX = "";
			};
			name = Debug;
		};
		C090927E23A4B94A008C62D1 /* Release */ = {
			isa = XCBuildConfiguration;
			buildSettings = {
				ALWAYS_SEARCH_USER_PATHS = NO;
				CLANG_ANALYZER_NONNULL = YES;
				CLANG_ANALYZER_NUMBER_OBJECT_CONVERSION = YES_AGGRESSIVE;
				CLANG_CXX_LANGUAGE_STANDARD = "gnu++14";
				CLANG_CXX_LIBRARY = "libc++";
				CLANG_ENABLE_MODULES = YES;
				CLANG_ENABLE_OBJC_ARC = YES;
				CLANG_ENABLE_OBJC_WEAK = YES;
				CLANG_WARN_BLOCK_CAPTURE_AUTORELEASING = YES;
				CLANG_WARN_BOOL_CONVERSION = YES;
				CLANG_WARN_COMMA = YES;
				CLANG_WARN_CONSTANT_CONVERSION = YES;
				CLANG_WARN_DEPRECATED_OBJC_IMPLEMENTATIONS = YES;
				CLANG_WARN_DIRECT_OBJC_ISA_USAGE = YES_ERROR;
				CLANG_WARN_DOCUMENTATION_COMMENTS = YES;
				CLANG_WARN_EMPTY_BODY = YES;
				CLANG_WARN_ENUM_CONVERSION = YES;
				CLANG_WARN_INFINITE_RECURSION = YES;
				CLANG_WARN_INT_CONVERSION = YES;
				CLANG_WARN_NON_LITERAL_NULL_CONVERSION = YES;
				CLANG_WARN_OBJC_IMPLICIT_RETAIN_SELF = YES;
				CLANG_WARN_OBJC_LITERAL_CONVERSION = YES;
				CLANG_WARN_OBJC_ROOT_CLASS = YES_ERROR;
				CLANG_WARN_RANGE_LOOP_ANALYSIS = YES;
				CLANG_WARN_STRICT_PROTOTYPES = YES;
				CLANG_WARN_SUSPICIOUS_MOVE = YES;
				CLANG_WARN_UNGUARDED_AVAILABILITY = YES_AGGRESSIVE;
				CLANG_WARN_UNREACHABLE_CODE = YES;
				CLANG_WARN__DUPLICATE_METHOD_MATCH = YES;
				COPY_PHASE_STRIP = NO;
				CURRENT_PROJECT_VERSION = 1;
				DEBUG_INFORMATION_FORMAT = "dwarf-with-dsym";
				ENABLE_NS_ASSERTIONS = NO;
				ENABLE_STRICT_OBJC_MSGSEND = YES;
				GCC_C_LANGUAGE_STANDARD = gnu11;
				GCC_NO_COMMON_BLOCKS = YES;
				GCC_WARN_64_TO_32_BIT_CONVERSION = YES;
				GCC_WARN_ABOUT_RETURN_TYPE = YES_ERROR;
				GCC_WARN_UNDECLARED_SELECTOR = YES;
				GCC_WARN_UNINITIALIZED_AUTOS = YES_AGGRESSIVE;
				GCC_WARN_UNUSED_FUNCTION = YES;
				GCC_WARN_UNUSED_VARIABLE = YES;
				IPHONEOS_DEPLOYMENT_TARGET = 13.2;
				MTL_ENABLE_DEBUG_INFO = NO;
				MTL_FAST_MATH = YES;
				SDKROOT = iphoneos;
				VALIDATE_PRODUCT = YES;
				VERSIONING_SYSTEM = "apple-generic";
				VERSION_INFO_PREFIX = "";
			};
			name = Release;
		};
		C090928023A4B94A008C62D1 /* Debug */ = {
			isa = XCBuildConfiguration;
			buildSettings = {
				CODE_SIGN_STYLE = Automatic;
				DEFINES_MODULE = YES;
				DEVELOPMENT_TEAM = "";
				DYLIB_COMPATIBILITY_VERSION = 1;
				DYLIB_CURRENT_VERSION = 1;
				DYLIB_INSTALL_NAME_BASE = "@rpath";
				FRAMEWORK_SEARCH_PATHS = (
					"$(PROJECT_DIR)/Carthage/Build/iOS",
					"$(inherited)",
				);
				INFOPLIST_FILE = MapirMapKit/Info.plist;
				INSTALL_PATH = "$(LOCAL_LIBRARY_DIR)/Frameworks";
				IPHONEOS_DEPLOYMENT_TARGET = 9.0;
				LD_RUNPATH_SEARCH_PATHS = (
					"$(inherited)",
					"@executable_path/Frameworks",
					"@loader_path/Frameworks",
				);
				MARKETING_VERSION = 3.1.0;
				PRODUCT_BUNDLE_IDENTIFIER = ir.map.MapirMapKit;
				PRODUCT_NAME = "$(TARGET_NAME:c99extidentifier)";
				SKIP_INSTALL = YES;
				SUPPORTS_MACCATALYST = NO;
				TARGETED_DEVICE_FAMILY = "1,2";
			};
			name = Debug;
		};
		C090928123A4B94A008C62D1 /* Release */ = {
			isa = XCBuildConfiguration;
			buildSettings = {
				CODE_SIGN_STYLE = Automatic;
				DEFINES_MODULE = YES;
				DEVELOPMENT_TEAM = "";
				DYLIB_COMPATIBILITY_VERSION = 1;
				DYLIB_CURRENT_VERSION = 1;
				DYLIB_INSTALL_NAME_BASE = "@rpath";
				FRAMEWORK_SEARCH_PATHS = (
					"$(PROJECT_DIR)/Carthage/Build/iOS",
					"$(inherited)",
				);
				INFOPLIST_FILE = MapirMapKit/Info.plist;
				INSTALL_PATH = "$(LOCAL_LIBRARY_DIR)/Frameworks";
				IPHONEOS_DEPLOYMENT_TARGET = 9.0;
				LD_RUNPATH_SEARCH_PATHS = (
					"$(inherited)",
					"@executable_path/Frameworks",
					"@loader_path/Frameworks",
				);
				MARKETING_VERSION = 3.1.0;
				PRODUCT_BUNDLE_IDENTIFIER = ir.map.MapirMapKit;
				PRODUCT_NAME = "$(TARGET_NAME:c99extidentifier)";
				SKIP_INSTALL = YES;
				SUPPORTS_MACCATALYST = NO;
				TARGETED_DEVICE_FAMILY = "1,2";
			};
			name = Release;
		};
		C09092AA23A4BC1D008C62D1 /* Debug */ = {
			isa = XCBuildConfiguration;
			buildSettings = {
				ASSETCATALOG_COMPILER_APPICON_NAME = AppIcon;
				CODE_SIGN_STYLE = Automatic;
				DEVELOPMENT_TEAM = "";
				FRAMEWORK_SEARCH_PATHS = "$(PROJECT_DIR)/Carthage/Build/iOS";
				INFOPLIST_FILE = "Mapir MapKit Example/Info.plist";
				IPHONEOS_DEPLOYMENT_TARGET = 13.0;
				LD_RUNPATH_SEARCH_PATHS = (
					"$(inherited)",
					"@executable_path/Frameworks",
				);
				MARKETING_VERSION = 1.0.0;
				PRODUCT_BUNDLE_IDENTIFIER = "ir.map.Mapir-MapKit-Example";
				PRODUCT_NAME = "$(TARGET_NAME)";
				SWIFT_ACTIVE_COMPILATION_CONDITIONS = DEBUG;
				SWIFT_OPTIMIZATION_LEVEL = "-Onone";
				SWIFT_VERSION = 5.0;
				TARGETED_DEVICE_FAMILY = "1,2";
			};
			name = Debug;
		};
		C09092AB23A4BC1D008C62D1 /* Release */ = {
			isa = XCBuildConfiguration;
			buildSettings = {
				ASSETCATALOG_COMPILER_APPICON_NAME = AppIcon;
				CODE_SIGN_STYLE = Automatic;
				DEVELOPMENT_TEAM = "";
				FRAMEWORK_SEARCH_PATHS = "$(PROJECT_DIR)/Carthage/Build/iOS";
				INFOPLIST_FILE = "Mapir MapKit Example/Info.plist";
				IPHONEOS_DEPLOYMENT_TARGET = 13.0;
				LD_RUNPATH_SEARCH_PATHS = (
					"$(inherited)",
					"@executable_path/Frameworks",
				);
				MARKETING_VERSION = 1.0.0;
				PRODUCT_BUNDLE_IDENTIFIER = "ir.map.Mapir-MapKit-Example";
				PRODUCT_NAME = "$(TARGET_NAME)";
				SWIFT_COMPILATION_MODE = wholemodule;
				SWIFT_OPTIMIZATION_LEVEL = "-O";
				SWIFT_VERSION = 5.0;
				TARGETED_DEVICE_FAMILY = "1,2";
			};
			name = Release;
		};
/* End XCBuildConfiguration section */

/* Begin XCConfigurationList section */
		C02D5ACE23A75A0C0046F6FB /* Build configuration list for PBXNativeTarget "MapirMapKitTests" */ = {
			isa = XCConfigurationList;
			buildConfigurations = (
				C02D5ACF23A75A0C0046F6FB /* Debug */,
				C02D5AD023A75A0C0046F6FB /* Release */,
			);
			defaultConfigurationIsVisible = 0;
			defaultConfigurationName = Release;
		};
		C090927123A4B94A008C62D1 /* Build configuration list for PBXProject "MapirMapKit" */ = {
			isa = XCConfigurationList;
			buildConfigurations = (
				C090927D23A4B94A008C62D1 /* Debug */,
				C090927E23A4B94A008C62D1 /* Release */,
			);
			defaultConfigurationIsVisible = 0;
			defaultConfigurationName = Release;
		};
		C090927F23A4B94A008C62D1 /* Build configuration list for PBXNativeTarget "MapirMapKit" */ = {
			isa = XCConfigurationList;
			buildConfigurations = (
				C090928023A4B94A008C62D1 /* Debug */,
				C090928123A4B94A008C62D1 /* Release */,
			);
			defaultConfigurationIsVisible = 0;
			defaultConfigurationName = Release;
		};
		C09092A923A4BC1D008C62D1 /* Build configuration list for PBXNativeTarget "Mapir MapKit Example" */ = {
			isa = XCConfigurationList;
			buildConfigurations = (
				C09092AA23A4BC1D008C62D1 /* Debug */,
				C09092AB23A4BC1D008C62D1 /* Release */,
			);
			defaultConfigurationIsVisible = 0;
			defaultConfigurationName = Release;
		};
/* End XCConfigurationList section */
	};
	rootObject = C090926E23A4B94A008C62D1 /* Project object */;
}
